dependencies:
  espressif/esp_websocket_client:
    component_hash: f77326f0e1c38da4e9c97e17c5d649b0dd13027f2645e720e48db269638fd622
    dependencies:
    - name: idf
      require: private
      version: '>=5.0'
    source:
      registry_url: https://components.espressif.com/
      type: service
    version: 1.4.0
  idf:
    source:
      type: idf
    version: 5.4.0
direct_dependencies:
- espressif/esp_websocket_client
manifest_hash: 90ad3f5e3560b19e2c571e58b7c8a6b6db6337980a622949bb5d1a7d56fe19a4
target: esp32s3
version: 2.0.0
