dependencies:
  espressif/esp_websocket_client:
    component_hash: f77326f0e1c38da4e9c97e17c5d649b0dd13027f2645e720e48db269638fd622
    dependencies:
    - name: idf
      require: private
      version: '>=5.0'
    source:
      registry_url: https://components.espressif.com/
      type: service
    version: 1.4.0
  idf:
    source:
      type: idf
    version: 5.4.0
direct_dependencies:
- espressif/esp_websocket_client
manifest_hash: af2a80a5577e842e7989d1c41522dbeec17303236d02ef2c83537ba49483c672
target: esp32s3
version: 2.0.0
